
Microsoft Visual Studio Solution File, Format Version 12.00
# Visual Studio Version 17
VisualStudioVersion = 17.9.34723.18
MinimumVisualStudioVersion = 10.0.40219.1
Project("{FAE04EC0-301F-11D3-BF4B-00C04F79EFBC}") = "Presentation", "Presentation\Presentation.csproj", "{765CC709-AEE6-4A80-BBE1-059293BD3F50}"
EndProject
Project("{FAE04EC0-301F-11D3-BF4B-00C04F79EFBC}") = "Core", "Core\Core.csproj", "{889E7A58-0F0E-44BB-BE97-E4592B067208}"
EndProject
Project("{FAE04EC0-301F-11D3-BF4B-00C04F79EFBC}") = "Infrastructure", "Infrastructure\Infrastructure.csproj", "{5D5EABC1-830A-4C50-B0EB-5C96BF08AC27}"
EndProject
Global
	GlobalSection(SolutionConfigurationPlatforms) = preSolution
		Debug|Any CPU = Debug|Any CPU
		Release|Any CPU = Release|Any CPU
	EndGlobalSection
	GlobalSection(ProjectConfigurationPlatforms) = postSolution
		{765CC709-AEE6-4A80-BBE1-059293BD3F50}.Debug|Any CPU.ActiveCfg = Debug|Any CPU
		{765CC709-AEE6-4A80-BBE1-059293BD3F50}.Debug|Any CPU.Build.0 = Debug|Any CPU
		{765CC709-AEE6-4A80-BBE1-059293BD3F50}.Release|Any CPU.ActiveCfg = Release|Any CPU
		{765CC709-AEE6-4A80-BBE1-059293BD3F50}.Release|Any CPU.Build.0 = Release|Any CPU
		{889E7A58-0F0E-44BB-BE97-E4592B067208}.Debug|Any CPU.ActiveCfg = Debug|Any CPU
		{889E7A58-0F0E-44BB-BE97-E4592B067208}.Debug|Any CPU.Build.0 = Debug|Any CPU
		{889E7A58-0F0E-44BB-BE97-E4592B067208}.Release|Any CPU.ActiveCfg = Release|Any CPU
		{889E7A58-0F0E-44BB-BE97-E4592B067208}.Release|Any CPU.Build.0 = Release|Any CPU
		{5D5EABC1-830A-4C50-B0EB-5C96BF08AC27}.Debug|Any CPU.ActiveCfg = Debug|Any CPU
		{5D5EABC1-830A-4C50-B0EB-5C96BF08AC27}.Debug|Any CPU.Build.0 = Debug|Any CPU
		{5D5EABC1-830A-4C50-B0EB-5C96BF08AC27}.Release|Any CPU.ActiveCfg = Release|Any CPU
		{5D5EABC1-830A-4C50-B0EB-5C96BF08AC27}.Release|Any CPU.Build.0 = Release|Any CPU
	EndGlobalSection
	GlobalSection(SolutionProperties) = preSolution
		HideSolutionNode = FALSE
	EndGlobalSection
	GlobalSection(ExtensibilityGlobals) = postSolution
		SolutionGuid = {D9DDD08D-4714-491B-9D65-43E8220CB124}
	EndGlobalSection
EndGlobal
