
Microsoft Visual Studio Solution File, Format Version 12.00
# Visual Studio Version 17
VisualStudioVersion = 17.9.34723.18
MinimumVisualStudioVersion = 10.0.40219.1
Project("{FAE04EC0-301F-11D3-BF4B-00C04F79EFBC}") = "Day13-Ecommerce.MVCApp", "Day13-Ecommerce.MVCApp\Day13-Ecommerce.MVCApp.csproj", "{550930DF-B064-4D49-AD10-D40975323DB7}"
EndProject
Project("{FAE04EC0-301F-11D3-BF4B-00C04F79EFBC}") = "Infrastructure", "Infrastructure\Infrastructure.csproj", "{08206AC1-5EC8-4558-9C3A-E83A22D4B12A}"
EndProject
Project("{FAE04EC0-301F-11D3-BF4B-00C04F79EFBC}") = "Core", "Core\Core.csproj", "{DE56EB70-6BFD-4E11-A1F6-D70848AEC2CB}"
EndProject
Global
	GlobalSection(SolutionConfigurationPlatforms) = preSolution
		Debug|Any CPU = Debug|Any CPU
		Release|Any CPU = Release|Any CPU
	EndGlobalSection
	GlobalSection(ProjectConfigurationPlatforms) = postSolution
		{550930DF-B064-4D49-AD10-D40975323DB7}.Debug|Any CPU.ActiveCfg = Debug|Any CPU
		{550930DF-B064-4D49-AD10-D40975323DB7}.Debug|Any CPU.Build.0 = Debug|Any CPU
		{550930DF-B064-4D49-AD10-D40975323DB7}.Release|Any CPU.ActiveCfg = Release|Any CPU
		{550930DF-B064-4D49-AD10-D40975323DB7}.Release|Any CPU.Build.0 = Release|Any CPU
		{08206AC1-5EC8-4558-9C3A-E83A22D4B12A}.Debug|Any CPU.ActiveCfg = Debug|Any CPU
		{08206AC1-5EC8-4558-9C3A-E83A22D4B12A}.Debug|Any CPU.Build.0 = Debug|Any CPU
		{08206AC1-5EC8-4558-9C3A-E83A22D4B12A}.Release|Any CPU.ActiveCfg = Release|Any CPU
		{08206AC1-5EC8-4558-9C3A-E83A22D4B12A}.Release|Any CPU.Build.0 = Release|Any CPU
		{DE56EB70-6BFD-4E11-A1F6-D70848AEC2CB}.Debug|Any CPU.ActiveCfg = Debug|Any CPU
		{DE56EB70-6BFD-4E11-A1F6-D70848AEC2CB}.Debug|Any CPU.Build.0 = Debug|Any CPU
		{DE56EB70-6BFD-4E11-A1F6-D70848AEC2CB}.Release|Any CPU.ActiveCfg = Release|Any CPU
		{DE56EB70-6BFD-4E11-A1F6-D70848AEC2CB}.Release|Any CPU.Build.0 = Release|Any CPU
	EndGlobalSection
	GlobalSection(SolutionProperties) = preSolution
		HideSolutionNode = FALSE
	EndGlobalSection
	GlobalSection(ExtensibilityGlobals) = postSolution
		SolutionGuid = {3FBABD31-B3A6-443D-BE1F-87F6AAC85B9D}
	EndGlobalSection
EndGlobal
